{
  "nodes": {
    "flake-utils": {
      "inputs": {
        "systems": "systems"
      },
      "locked": {
        "lastModified": 1681202837,
        "narHash": "sha256-H+Rh19JDwRtpVPAWp64F+rlEtxUWBAQW28eAi3SRSzg=",
        "owner": "numtide",
        "repo": "flake-utils",
        "rev": "cfacdce06f30d2b68473a46042957675eebb3401",
        "type": "github"
      },
      "original": {
        "owner": "numtide",
        "repo": "flake-utils",
        "type": "github"
      }
    },
    "nixpkgs": {
      "locked": {
        "lastModified": 1691252436,
        "narHash": "sha256-SKKPKYOnFcwqECehxoFBMLv29CZXC5qCDuETSuXd82g=",
        "owner": "NixOS",
        "repo": "nixpkgs",
        "rev": "9607b9149c9d81fdf3dc4f3bcc278da146ffbd77",
        "type": "github"
      },
      "original": {
        "owner": "NixOS",
        "ref": "nixos-23.05",
        "repo": "nixpkgs",
        "type": "github"
      }
    },
    "nixpkgs_2": {
      "locked": {
        "lastModified": 1691252436,
        "narHash": "sha256-SKKPKYOnFcwqECehxoFBMLv29CZXC5qCDuETSuXd82g=",
        "owner": "nixos",
        "repo": "nixpkgs",
        "rev": "9607b9149c9d81fdf3dc4f3bcc278da146ffbd77",
        "type": "github"
      },
      "original": {
        "owner": "nixos",
        "ref": "nixos-23.05",
        "repo": "nixpkgs",
        "type": "github"
      }
    },
    "nixpkgs_3": {
      "locked": {
        "lastModified": 1681358109,
        "narHash": "sha256-eKyxW4OohHQx9Urxi7TQlFBTDWII+F+x2hklDOQPB50=",
        "owner": "NixOS",
        "repo": "nixpkgs",
        "rev": "96ba1c52e54e74c3197f4d43026b3f3d92e83ff9",
        "type": "github"
      },
      "original": {
        "owner": "NixOS",
        "ref": "nixpkgs-unstable",
        "repo": "nixpkgs",
        "type": "github"
      }
    },
    "root": {
      "inputs": {
        "nixpkgs": "nixpkgs",
        "webtarot": "webtarot"
      }
    },
    "rust-overlay": {
      "inputs": {
        "flake-utils": "flake-utils",
        "nixpkgs": "nixpkgs_3"
      },
      "locked": {
        "lastModified": 1691287991,
        "narHash": "sha256-jAfKjfK1X73Zg/utl2pDdD5nBY53zLSLeTFWQLZM7jo=",
        "owner": "oxalica",
        "repo": "rust-overlay",
        "rev": "5cf31bca06641e115b9217e682d85d4d23486e61",
        "type": "github"
      },
      "original": {
        "owner": "oxalica",
        "repo": "rust-overlay",
        "type": "github"
      }
    },
    "systems": {
      "locked": {
        "lastModified": 1681028828,
        "narHash": "sha256-Vy1rq5AaRuLzOxct8nz4T6wlgyUR7zLU309k9mBC768=",
        "owner": "nix-systems",
        "repo": "default",
        "rev": "da67096a3b9bf56a91d16901293e51ba5b49a27e",
        "type": "github"
      },
      "original": {
        "owner": "nix-systems",
        "repo": "default",
        "type": "github"
      }
    },
    "webtarot": {
      "inputs": {
        "nixpkgs": "nixpkgs_2",
        "rust-overlay": "rust-overlay"
      },
      "locked": {
        "lastModified": 0,
        "narHash": "sha256-PpMBgamq34QiM6eIqTzw2Zne0B7hwe2nOGNZMkKF6OQ=",
        "path": "/nix/store/lly5dcr8rrvlsq74g1am10qjy1ifr35s-source",
        "type": "path"
      },
      "original": {
        "path": "/nix/store/lly5dcr8rrvlsq74g1am10qjy1ifr35s-source",
        "type": "path"
      }
    }
  },
  "root": "root",
  "version": 7
}
